
Microsoft Visual Studio Solution File, Format Version 12.00
# Visual Studio Version 17
VisualStudioVersion = 17.9.34723.18
MinimumVisualStudioVersion = 10.0.40219.1
Project("{FAE04EC0-301F-11D3-BF4B-00C04F79EFBC}") = "Fruitkha", "Fruitkha.csproj", "{80C2C526-4E64-4142-828E-2802D3A9B5BA}"
EndProject
Global
	GlobalSection(SolutionConfigurationPlatforms) = preSolution
		Debug|Any CPU = Debug|Any CPU
		Release|Any CPU = Release|Any CPU
	EndGlobalSection
	GlobalSection(ProjectConfigurationPlatforms) = postSolution
		{80C2C526-4E64-4142-828E-2802D3A9B5BA}.Debug|Any CPU.ActiveCfg = Debug|Any CPU
		{80C2C526-4E64-4142-828E-2802D3A9B5BA}.Debug|Any CPU.Build.0 = Debug|Any CPU
		{80C2C526-4E64-4142-828E-2802D3A9B5BA}.Release|Any CPU.ActiveCfg = Release|Any CPU
		{80C2C526-4E64-4142-828E-2802D3A9B5BA}.Release|Any CPU.Build.0 = Release|Any CPU
	EndGlobalSection
	GlobalSection(SolutionProperties) = preSolution
		HideSolutionNode = FALSE
	EndGlobalSection
	GlobalSection(ExtensibilityGlobals) = postSolution
		SolutionGuid = {E1F48424-8CBA-4A4E-8882-2DCA6BB8CF20}
	EndGlobalSection
EndGlobal
